// !$*UTF8*$!
{
	archiveVersion = 1;
	classes = {
	};
	objectVersion = 46;
	objects = {

/* Begin PBXBuildFile section */
		D4154A9A1ADD642A001A2188 /* GoogleOpenSource.framework in Frameworks */ = {isa = PBXBuildFile; fileRef = D4154A871ADD642A001A2188 /* GoogleOpenSource.framework */; };
		D4154A9B1ADD642A001A2188 /* GooglePlus.framework in Frameworks */ = {isa = PBXBuildFile; fileRef = D4154A881ADD642A001A2188 /* GooglePlus.framework */; };
		D4154A9C1ADD642A001A2188 /* SystemConfiguration.framework in Frameworks */ = {isa = PBXBuildFile; fileRef = D4154A891ADD642A001A2188 /* SystemConfiguration.framework */; };
		D4154A9D1ADD642A001A2188 /* Security.framework in Frameworks */ = {isa = PBXBuildFile; fileRef = D4154A8A1ADD642A001A2188 /* Security.framework */; };
		D4154A9E1ADD642A001A2188 /* MediaPlayer.framework in Frameworks */ = {isa = PBXBuildFile; fileRef = D4154A8B1ADD642A001A2188 /* MediaPlayer.framework */; };
		D4154A9F1ADD642A001A2188 /* Foundation.framework in Frameworks */ = {isa = PBXBuildFile; fileRef = D4154A8C1ADD642A001A2188 /* Foundation.framework */; };
		D4154AA01ADD642A001A2188 /* CoreText.framework in Frameworks */ = {isa = PBXBuildFile; fileRef = D4154A8D1ADD642A001A2188 /* CoreText.framework */; };
		D4154AA11ADD642A001A2188 /* CoreTelephony.framework in Frameworks */ = {isa = PBXBuildFile; fileRef = D4154A8E1ADD642A001A2188 /* CoreTelephony.framework */; };
		D4154AA21ADD642A001A2188 /* CoreMotion.framework in Frameworks */ = {isa = PBXBuildFile; fileRef = D4154A8F1ADD642A001A2188 /* CoreMotion.framework */; };
		D4154AA31ADD642A001A2188 /* CoreLocation.framework in Frameworks */ = {isa = PBXBuildFile; fileRef = D4154A901ADD642A001A2188 /* CoreLocation.framework */; };
		D4154AA41ADD642A001A2188 /* CoreData.framework in Frameworks */ = {isa = PBXBuildFile; fileRef = D4154A911ADD642A001A2188 /* CoreData.framework */; };
		D4154AA51ADD642A001A2188 /* AssetsLibrary.framework in Frameworks */ = {isa = PBXBuildFile; fileRef = D4154A921ADD642A001A2188 /* AssetsLibrary.framework */; };
		D4154AA61ADD642A001A2188 /* AddressBook.framework in Frameworks */ = {isa = PBXBuildFile; fileRef = D4154A931ADD642A001A2188 /* AddressBook.framework */; };
		D4154AA71ADD642A001A2188 /* QuartzCore.framework in Frameworks */ = {isa = PBXBuildFile; fileRef = D4154A941ADD642A001A2188 /* QuartzCore.framework */; };
		D4154AA81ADD642A001A2188 /* libz.dylib in Frameworks */ = {isa = PBXBuildFile; fileRef = D4154A951ADD642A001A2188 /* libz.dylib */; };
		D4154AA91ADD642A001A2188 /* libc++.dylib in Frameworks */ = {isa = PBXBuildFile; fileRef = D4154A961ADD642A001A2188 /* libc++.dylib */; };
		D41602141AB604F800CC905F /* MyTableViewController.m in Sources */ = {isa = PBXBuildFile; fileRef = D41602111AB604F800CC905F /* MyTableViewController.m */; };
		D41602151AB604F800CC905F /* MyTableViewCell.m in Sources */ = {isa = PBXBuildFile; fileRef = D41602131AB604F800CC905F /* MyTableViewCell.m */; };
		D416021B1AB6050F00CC905F /* Application.m in Sources */ = {isa = PBXBuildFile; fileRef = D41602181AB6050F00CC905F /* Application.m */; };
		D416021C1AB6050F00CC905F /* MyWebViewController.m in Sources */ = {isa = PBXBuildFile; fileRef = D416021A1AB6050F00CC905F /* MyWebViewController.m */; };
		D417218B1BBC5EE20039C91C /* libc++.tbd in Frameworks */ = {isa = PBXBuildFile; fileRef = D417218A1BBC5EE20039C91C /* libc++.tbd */; };
		D417218D1BBC5EE70039C91C /* libz.tbd in Frameworks */ = {isa = PBXBuildFile; fileRef = D417218C1BBC5EE70039C91C /* libz.tbd */; };
		D41F69031B0543D3008BA111 /* OfflineModel.m in Sources */ = {isa = PBXBuildFile; fileRef = D41F69021B0543D3008BA111 /* OfflineModel.m */; };
		D41F69061B0543DD008BA111 /* MyOfflineCollectionViewController.m in Sources */ = {isa = PBXBuildFile; fileRef = D41F69051B0543DD008BA111 /* MyOfflineCollectionViewController.m */; };
		D456B16D1ADEF2E7004EED3C /* Main.storyboard in Resources */ = {isa = PBXBuildFile; fileRef = D4E3CD751AAF80DE007025A6 /* Main.storyboard */; };
		D456B1711ADEFE95004EED3C /* GooglePlayGames.bundle in Resources */ = {isa = PBXBuildFile; fileRef = D456B16F1ADEFE95004EED3C /* GooglePlayGames.bundle */; };
		D489547B1ADEF16400FD1027 /* GooglePlus.bundle in Resources */ = {isa = PBXBuildFile; fileRef = D4154A991ADD642A001A2188 /* GooglePlus.bundle */; };
		D4CC9B881BBC5C2100A85F47 /* GooglePlayGames.framework in Frameworks */ = {isa = PBXBuildFile; fileRef = D4CC9B871BBC5C2100A85F47 /* GooglePlayGames.framework */; };
		D4CC9B8C1BBC5D9200A85F47 /* GoogleMobileAds.framework in Frameworks */ = {isa = PBXBuildFile; fileRef = D4CC9B8B1BBC5D9200A85F47 /* GoogleMobileAds.framework */; };
		D4E3CD6E1AAF80DE007025A6 /* main.m in Sources */ = {isa = PBXBuildFile; fileRef = D4E3CD6D1AAF80DE007025A6 /* main.m */; };
		D4E3CD711AAF80DE007025A6 /* AppDelegate.m in Sources */ = {isa = PBXBuildFile; fileRef = D4E3CD701AAF80DE007025A6 /* AppDelegate.m */; };
		D4E3CD791AAF80DE007025A6 /* Images.xcassets in Resources */ = {isa = PBXBuildFile; fileRef = D4E3CD781AAF80DE007025A6 /* Images.xcassets */; };
		D4E3CD881AAF80DE007025A6 /* connectionsTests.m in Sources */ = {isa = PBXBuildFile; fileRef = D4E3CD871AAF80DE007025A6 /* connectionsTests.m */; };
		D4E3CD961AAF8184007025A6 /* MyCollectionViewController.m in Sources */ = {isa = PBXBuildFile; fileRef = D4E3CD931AAF8184007025A6 /* MyCollectionViewController.m */; };
		D4E3CD971AAF8184007025A6 /* MyCollectionViewLayout.m in Sources */ = {isa = PBXBuildFile; fileRef = D4E3CD951AAF8184007025A6 /* MyCollectionViewLayout.m */; };
		D4E3CDA11AAF8199007025A6 /* MyCollectionViewCell.m in Sources */ = {isa = PBXBuildFile; fileRef = D4E3CD9A1AAF8199007025A6 /* MyCollectionViewCell.m */; };
		D4E3CDA21AAF8199007025A6 /* MyButtonCell.m in Sources */ = {isa = PBXBuildFile; fileRef = D4E3CD9C1AAF8199007025A6 /* MyButtonCell.m */; };
		D4E3CDA31AAF8199007025A6 /* MyLabelCell.m in Sources */ = {isa = PBXBuildFile; fileRef = D4E3CD9E1AAF8199007025A6 /* MyLabelCell.m */; };
		D4E3CDA41AAF8199007025A6 /* MyBannerCell.m in Sources */ = {isa = PBXBuildFile; fileRef = D4E3CDA01AAF8199007025A6 /* MyBannerCell.m */; };
		D4E3CDAA1AAF9018007025A6 /* Model.m in Sources */ = {isa = PBXBuildFile; fileRef = D4E3CDA91AAF9018007025A6 /* Model.m */; };
/* End PBXBuildFile section */

/* Begin PBXContainerItemProxy section */
		D4E3CD821AAF80DE007025A6 /* PBXContainerItemProxy */ = {
			isa = PBXContainerItemProxy;
			containerPortal = D4E3CD601AAF80DE007025A6 /* Project object */;
			proxyType = 1;
			remoteGlobalIDString = D4E3CD671AAF80DE007025A6;
			remoteInfo = connections;
		};
/* End PBXContainerItemProxy section */

/* Begin PBXFileReference section */
		D4154A871ADD642A001A2188 /* GoogleOpenSource.framework */ = {isa = PBXFileReference; lastKnownFileType = wrapper.framework; name = GoogleOpenSource.framework; path = ../../Libs/js/GoogleOpenSource.framework; sourceTree = "<group>"; };
		D4154A881ADD642A001A2188 /* GooglePlus.framework */ = {isa = PBXFileReference; lastKnownFileType = wrapper.framework; name = GooglePlus.framework; path = ../../Libs/js/GooglePlus.framework; sourceTree = "<group>"; };
		D4154A891ADD642A001A2188 /* SystemConfiguration.framework */ = {isa = PBXFileReference; lastKnownFileType = wrapper.framework; name = SystemConfiguration.framework; path = System/Library/Frameworks/SystemConfiguration.framework; sourceTree = SDKROOT; };
		D4154A8A1ADD642A001A2188 /* Security.framework */ = {isa = PBXFileReference; lastKnownFileType = wrapper.framework; name = Security.framework; path = System/Library/Frameworks/Security.framework; sourceTree = SDKROOT; };
		D4154A8B1ADD642A001A2188 /* MediaPlayer.framework */ = {isa = PBXFileReference; lastKnownFileType = wrapper.framework; name = MediaPlayer.framework; path = System/Library/Frameworks/MediaPlayer.framework; sourceTree = SDKROOT; };
		D4154A8C1ADD642A001A2188 /* Foundation.framework */ = {isa = PBXFileReference; lastKnownFileType = wrapper.framework; name = Foundation.framework; path = System/Library/Frameworks/Foundation.framework; sourceTree = SDKROOT; };
		D4154A8D1ADD642A001A2188 /* CoreText.framework */ = {isa = PBXFileReference; lastKnownFileType = wrapper.framework; name = CoreText.framework; path = System/Library/Frameworks/CoreText.framework; sourceTree = SDKROOT; };
		D4154A8E1ADD642A001A2188 /* CoreTelephony.framework */ = {isa = PBXFileReference; lastKnownFileType = wrapper.framework; name = CoreTelephony.framework; path = System/Library/Frameworks/CoreTelephony.framework; sourceTree = SDKROOT; };
		D4154A8F1ADD642A001A2188 /* CoreMotion.framework */ = {isa = PBXFileReference; lastKnownFileType = wrapper.framework; name = CoreMotion.framework; path = System/Library/Frameworks/CoreMotion.framework; sourceTree = SDKROOT; };
		D4154A901ADD642A001A2188 /* CoreLocation.framework */ = {isa = PBXFileReference; lastKnownFileType = wrapper.framework; name = CoreLocation.framework; path = System/Library/Frameworks/CoreLocation.framework; sourceTree = SDKROOT; };
		D4154A911ADD642A001A2188 /* CoreData.framework */ = {isa = PBXFileReference; lastKnownFileType = wrapper.framework; name = CoreData.framework; path = System/Library/Frameworks/CoreData.framework; sourceTree = SDKROOT; };
		D4154A921ADD642A001A2188 /* AssetsLibrary.framework */ = {isa = PBXFileReference; lastKnownFileType = wrapper.framework; name = AssetsLibrary.framework; path = System/Library/Frameworks/AssetsLibrary.framework; sourceTree = SDKROOT; };
		D4154A931ADD642A001A2188 /* AddressBook.framework */ = {isa = PBXFileReference; lastKnownFileType = wrapper.framework; name = AddressBook.framework; path = System/Library/Frameworks/AddressBook.framework; sourceTree = SDKROOT; };
		D4154A941ADD642A001A2188 /* QuartzCore.framework */ = {isa = PBXFileReference; lastKnownFileType = wrapper.framework; name = QuartzCore.framework; path = System/Library/Frameworks/QuartzCore.framework; sourceTree = SDKROOT; };
		D4154A951ADD642A001A2188 /* libz.dylib */ = {isa = PBXFileReference; lastKnownFileType = "compiled.mach-o.dylib"; name = libz.dylib; path = usr/lib/libz.dylib; sourceTree = SDKROOT; };
		D4154A961ADD642A001A2188 /* libc++.dylib */ = {isa = PBXFileReference; lastKnownFileType = "compiled.mach-o.dylib"; name = "libc++.dylib"; path = "usr/lib/libc++.dylib"; sourceTree = SDKROOT; };
		D4154A991ADD642A001A2188 /* GooglePlus.bundle */ = {isa = PBXFileReference; lastKnownFileType = "wrapper.plug-in"; name = GooglePlus.bundle; path = "../../../../Downloads/google-plus-ios-sdk-1.7.1/GooglePlus.bundle"; sourceTree = "<group>"; };
		D41602101AB604F800CC905F /* MyTableViewController.h */ = {isa = PBXFileReference; fileEncoding = 4; lastKnownFileType = sourcecode.c.h; path = MyTableViewController.h; sourceTree = "<group>"; };
		D41602111AB604F800CC905F /* MyTableViewController.m */ = {isa = PBXFileReference; fileEncoding = 4; lastKnownFileType = sourcecode.c.objc; path = MyTableViewController.m; sourceTree = "<group>"; };
		D41602121AB604F800CC905F /* MyTableViewCell.h */ = {isa = PBXFileReference; fileEncoding = 4; lastKnownFileType = sourcecode.c.h; path = MyTableViewCell.h; sourceTree = "<group>"; };
		D41602131AB604F800CC905F /* MyTableViewCell.m */ = {isa = PBXFileReference; fileEncoding = 4; lastKnownFileType = sourcecode.c.objc; path = MyTableViewCell.m; sourceTree = "<group>"; };
		D41602171AB6050F00CC905F /* Application.h */ = {isa = PBXFileReference; fileEncoding = 4; lastKnownFileType = sourcecode.c.h; path = Application.h; sourceTree = "<group>"; };
		D41602181AB6050F00CC905F /* Application.m */ = {isa = PBXFileReference; fileEncoding = 4; lastKnownFileType = sourcecode.c.objc; path = Application.m; sourceTree = "<group>"; };
		D41602191AB6050F00CC905F /* MyWebViewController.h */ = {isa = PBXFileReference; fileEncoding = 4; lastKnownFileType = sourcecode.c.h; path = MyWebViewController.h; sourceTree = "<group>"; };
		D416021A1AB6050F00CC905F /* MyWebViewController.m */ = {isa = PBXFileReference; fileEncoding = 4; lastKnownFileType = sourcecode.c.objc; path = MyWebViewController.m; sourceTree = "<group>"; };
		D417218A1BBC5EE20039C91C /* libc++.tbd */ = {isa = PBXFileReference; lastKnownFileType = "sourcecode.text-based-dylib-definition"; name = "libc++.tbd"; path = "usr/lib/libc++.tbd"; sourceTree = SDKROOT; };
		D417218C1BBC5EE70039C91C /* libz.tbd */ = {isa = PBXFileReference; lastKnownFileType = "sourcecode.text-based-dylib-definition"; name = libz.tbd; path = usr/lib/libz.tbd; sourceTree = SDKROOT; };
		D41F69011B0543D3008BA111 /* OfflineModel.h */ = {isa = PBXFileReference; fileEncoding = 4; lastKnownFileType = sourcecode.c.h; path = OfflineModel.h; sourceTree = "<group>"; };
		D41F69021B0543D3008BA111 /* OfflineModel.m */ = {isa = PBXFileReference; fileEncoding = 4; lastKnownFileType = sourcecode.c.objc; path = OfflineModel.m; sourceTree = "<group>"; };
		D41F69041B0543DD008BA111 /* MyOfflineCollectionViewController.h */ = {isa = PBXFileReference; fileEncoding = 4; lastKnownFileType = sourcecode.c.h; path = MyOfflineCollectionViewController.h; sourceTree = "<group>"; };
		D41F69051B0543DD008BA111 /* MyOfflineCollectionViewController.m */ = {isa = PBXFileReference; fileEncoding = 4; lastKnownFileType = sourcecode.c.objc; path = MyOfflineCollectionViewController.m; sourceTree = "<group>"; };
		D456B16F1ADEFE95004EED3C /* GooglePlayGames.bundle */ = {isa = PBXFileReference; lastKnownFileType = "wrapper.plug-in"; name = GooglePlayGames.bundle; path = "../../../../Downloads/GooglePlayGames-iOS-SDK.v3.1.1 2/GooglePlayGames.bundle"; sourceTree = "<group>"; };
		D4CC9B871BBC5C2100A85F47 /* GooglePlayGames.framework */ = {isa = PBXFileReference; lastKnownFileType = wrapper.framework; path = GooglePlayGames.framework; sourceTree = "<group>"; };
		D4CC9B8B1BBC5D9200A85F47 /* GoogleMobileAds.framework */ = {isa = PBXFileReference; lastKnownFileType = wrapper.framework; path = GoogleMobileAds.framework; sourceTree = "<group>"; };
		D4E3CD681AAF80DE007025A6 /* connections.app */ = {isa = PBXFileReference; explicitFileType = wrapper.application; includeInIndex = 0; path = connections.app; sourceTree = BUILT_PRODUCTS_DIR; };
		D4E3CD6C1AAF80DE007025A6 /* Info.plist */ = {isa = PBXFileReference; lastKnownFileType = text.plist.xml; path = Info.plist; sourceTree = "<group>"; };
		D4E3CD6D1AAF80DE007025A6 /* main.m */ = {isa = PBXFileReference; lastKnownFileType = sourcecode.c.objc; path = main.m; sourceTree = "<group>"; };
		D4E3CD6F1AAF80DE007025A6 /* AppDelegate.h */ = {isa = PBXFileReference; lastKnownFileType = sourcecode.c.h; path = AppDelegate.h; sourceTree = "<group>"; };
		D4E3CD701AAF80DE007025A6 /* AppDelegate.m */ = {isa = PBXFileReference; lastKnownFileType = sourcecode.c.objc; path = AppDelegate.m; sourceTree = "<group>"; };
		D4E3CD761AAF80DE007025A6 /* Base */ = {isa = PBXFileReference; lastKnownFileType = file.storyboard; name = Base; path = Base.lproj/Main.storyboard; sourceTree = "<group>"; };
		D4E3CD781AAF80DE007025A6 /* Images.xcassets */ = {isa = PBXFileReference; lastKnownFileType = folder.assetcatalog; path = Images.xcassets; sourceTree = "<group>"; };
		D4E3CD811AAF80DE007025A6 /* connectionsTests.xctest */ = {isa = PBXFileReference; explicitFileType = wrapper.cfbundle; includeInIndex = 0; path = connectionsTests.xctest; sourceTree = BUILT_PRODUCTS_DIR; };
		D4E3CD861AAF80DE007025A6 /* Info.plist */ = {isa = PBXFileReference; lastKnownFileType = text.plist.xml; path = Info.plist; sourceTree = "<group>"; };
		D4E3CD871AAF80DE007025A6 /* connectionsTests.m */ = {isa = PBXFileReference; lastKnownFileType = sourcecode.c.objc; path = connectionsTests.m; sourceTree = "<group>"; };
		D4E3CD921AAF8184007025A6 /* MyCollectionViewController.h */ = {isa = PBXFileReference; fileEncoding = 4; lastKnownFileType = sourcecode.c.h; path = MyCollectionViewController.h; sourceTree = "<group>"; };
		D4E3CD931AAF8184007025A6 /* MyCollectionViewController.m */ = {isa = PBXFileReference; fileEncoding = 4; lastKnownFileType = sourcecode.c.objc; path = MyCollectionViewController.m; sourceTree = "<group>"; };
		D4E3CD941AAF8184007025A6 /* MyCollectionViewLayout.h */ = {isa = PBXFileReference; fileEncoding = 4; lastKnownFileType = sourcecode.c.h; path = MyCollectionViewLayout.h; sourceTree = "<group>"; };
		D4E3CD951AAF8184007025A6 /* MyCollectionViewLayout.m */ = {isa = PBXFileReference; fileEncoding = 4; lastKnownFileType = sourcecode.c.objc; path = MyCollectionViewLayout.m; sourceTree = "<group>"; };
		D4E3CD991AAF8199007025A6 /* MyCollectionViewCell.h */ = {isa = PBXFileReference; fileEncoding = 4; lastKnownFileType = sourcecode.c.h; path = MyCollectionViewCell.h; sourceTree = "<group>"; };
		D4E3CD9A1AAF8199007025A6 /* MyCollectionViewCell.m */ = {isa = PBXFileReference; fileEncoding = 4; lastKnownFileType = sourcecode.c.objc; path = MyCollectionViewCell.m; sourceTree = "<group>"; };
		D4E3CD9B1AAF8199007025A6 /* MyButtonCell.h */ = {isa = PBXFileReference; fileEncoding = 4; lastKnownFileType = sourcecode.c.h; path = MyButtonCell.h; sourceTree = "<group>"; };
		D4E3CD9C1AAF8199007025A6 /* MyButtonCell.m */ = {isa = PBXFileReference; fileEncoding = 4; lastKnownFileType = sourcecode.c.objc; path = MyButtonCell.m; sourceTree = "<group>"; };
		D4E3CD9D1AAF8199007025A6 /* MyLabelCell.h */ = {isa = PBXFileReference; fileEncoding = 4; lastKnownFileType = sourcecode.c.h; path = MyLabelCell.h; sourceTree = "<group>"; };
		D4E3CD9E1AAF8199007025A6 /* MyLabelCell.m */ = {isa = PBXFileReference; fileEncoding = 4; lastKnownFileType = sourcecode.c.objc; path = MyLabelCell.m; sourceTree = "<group>"; };
		D4E3CD9F1AAF8199007025A6 /* MyBannerCell.h */ = {isa = PBXFileReference; fileEncoding = 4; lastKnownFileType = sourcecode.c.h; path = MyBannerCell.h; sourceTree = "<group>"; };
		D4E3CDA01AAF8199007025A6 /* MyBannerCell.m */ = {isa = PBXFileReference; fileEncoding = 4; lastKnownFileType = sourcecode.c.objc; path = MyBannerCell.m; sourceTree = "<group>"; };
		D4E3CDA81AAF9018007025A6 /* Model.h */ = {isa = PBXFileReference; fileEncoding = 4; lastKnownFileType = sourcecode.c.h; path = Model.h; sourceTree = "<group>"; };
		D4E3CDA91AAF9018007025A6 /* Model.m */ = {isa = PBXFileReference; fileEncoding = 4; lastKnownFileType = sourcecode.c.objc; path = Model.m; sourceTree = "<group>"; };
/* End PBXFileReference section */

/* Begin PBXFrameworksBuildPhase section */
		D4E3CD651AAF80DE007025A6 /* Frameworks */ = {
			isa = PBXFrameworksBuildPhase;
			buildActionMask = 2147483647;
			files = (
				D417218D1BBC5EE70039C91C /* libz.tbd in Frameworks */,
				D417218B1BBC5EE20039C91C /* libc++.tbd in Frameworks */,
				D4CC9B8C1BBC5D9200A85F47 /* GoogleMobileAds.framework in Frameworks */,
				D4154AA81ADD642A001A2188 /* libz.dylib in Frameworks */,
				D4154AA91ADD642A001A2188 /* libc++.dylib in Frameworks */,
				D4154A9C1ADD642A001A2188 /* SystemConfiguration.framework in Frameworks */,
				D4154A9D1ADD642A001A2188 /* Security.framework in Frameworks */,
				D4154AA71ADD642A001A2188 /* QuartzCore.framework in Frameworks */,
				D4154A9E1ADD642A001A2188 /* MediaPlayer.framework in Frameworks */,
				D4154A9F1ADD642A001A2188 /* Foundation.framework in Frameworks */,
				D4154AA11ADD642A001A2188 /* CoreTelephony.framework in Frameworks */,
				D4154AA01ADD642A001A2188 /* CoreText.framework in Frameworks */,
				D4154AA21ADD642A001A2188 /* CoreMotion.framework in Frameworks */,
				D4154AA31ADD642A001A2188 /* CoreLocation.framework in Frameworks */,
				D4154A9A1ADD642A001A2188 /* GoogleOpenSource.framework in Frameworks */,
				D4154AA41ADD642A001A2188 /* CoreData.framework in Frameworks */,
				D4154A9B1ADD642A001A2188 /* GooglePlus.framework in Frameworks */,
				D4CC9B881BBC5C2100A85F47 /* GooglePlayGames.framework in Frameworks */,
				D4154AA51ADD642A001A2188 /* AssetsLibrary.framework in Frameworks */,
				D4154AA61ADD642A001A2188 /* AddressBook.framework in Frameworks */,
			);
			runOnlyForDeploymentPostprocessing = 0;
		};
		D4E3CD7E1AAF80DE007025A6 /* Frameworks */ = {
			isa = PBXFrameworksBuildPhase;
			buildActionMask = 2147483647;
			files = (
			);
			runOnlyForDeploymentPostprocessing = 0;
		};
/* End PBXFrameworksBuildPhase section */

/* Begin PBXGroup section */
		D41602161AB6050300CC905F /* WebView */ = {
			isa = PBXGroup;
			children = (
				D41602171AB6050F00CC905F /* Application.h */,
				D41602181AB6050F00CC905F /* Application.m */,
				D41602191AB6050F00CC905F /* MyWebViewController.h */,
				D416021A1AB6050F00CC905F /* MyWebViewController.m */,
			);
			name = WebView;
			sourceTree = "<group>";
		};
		D41F69001B0543C5008BA111 /* Offline */ = {
			isa = PBXGroup;
			children = (
				D41F69041B0543DD008BA111 /* MyOfflineCollectionViewController.h */,
				D41F69051B0543DD008BA111 /* MyOfflineCollectionViewController.m */,
				D41F69011B0543D3008BA111 /* OfflineModel.h */,
				D41F69021B0543D3008BA111 /* OfflineModel.m */,
			);
			name = Offline;
			sourceTree = "<group>";
		};
		D4E3CD5F1AAF80DE007025A6 = {
			isa = PBXGroup;
			children = (
				D4E3CD6A1AAF80DE007025A6 /* connections */,
				D4E3CD841AAF80DE007025A6 /* connectionsTests */,
				D4E3CD691AAF80DE007025A6 /* Products */,
			);
			sourceTree = "<group>";
		};
		D4E3CD691AAF80DE007025A6 /* Products */ = {
			isa = PBXGroup;
			children = (
				D4E3CD681AAF80DE007025A6 /* connections.app */,
				D4E3CD811AAF80DE007025A6 /* connectionsTests.xctest */,
			);
			name = Products;
			sourceTree = "<group>";
		};
		D4E3CD6A1AAF80DE007025A6 /* connections */ = {
			isa = PBXGroup;
			children = (
				D41F69001B0543C5008BA111 /* Offline */,
				D41602161AB6050300CC905F /* WebView */,
				D4E3CDA51AAF81B7007025A6 /* Libs */,
				D4E3CD981AAF8188007025A6 /* Cells */,
				D4E3CD911AAF8178007025A6 /* MVC */,
				D4E3CD6F1AAF80DE007025A6 /* AppDelegate.h */,
				D4E3CD701AAF80DE007025A6 /* AppDelegate.m */,
				D4E3CD781AAF80DE007025A6 /* Images.xcassets */,
				D4E3CD6B1AAF80DE007025A6 /* Supporting Files */,
			);
			path = connections;
			sourceTree = "<group>";
		};
		D4E3CD6B1AAF80DE007025A6 /* Supporting Files */ = {
			isa = PBXGroup;
			children = (
				D4E3CD6C1AAF80DE007025A6 /* Info.plist */,
				D4E3CD6D1AAF80DE007025A6 /* main.m */,
			);
			name = "Supporting Files";
			sourceTree = "<group>";
		};
		D4E3CD841AAF80DE007025A6 /* connectionsTests */ = {
			isa = PBXGroup;
			children = (
				D4E3CD871AAF80DE007025A6 /* connectionsTests.m */,
				D4E3CD851AAF80DE007025A6 /* Supporting Files */,
			);
			path = connectionsTests;
			sourceTree = "<group>";
		};
		D4E3CD851AAF80DE007025A6 /* Supporting Files */ = {
			isa = PBXGroup;
			children = (
				D4E3CD861AAF80DE007025A6 /* Info.plist */,
			);
			name = "Supporting Files";
			sourceTree = "<group>";
		};
		D4E3CD911AAF8178007025A6 /* MVC */ = {
			isa = PBXGroup;
			children = (
				D4E3CD751AAF80DE007025A6 /* Main.storyboard */,
				D41602101AB604F800CC905F /* MyTableViewController.h */,
				D41602111AB604F800CC905F /* MyTableViewController.m */,
				D41602121AB604F800CC905F /* MyTableViewCell.h */,
				D41602131AB604F800CC905F /* MyTableViewCell.m */,
				D4E3CD921AAF8184007025A6 /* MyCollectionViewController.h */,
				D4E3CD931AAF8184007025A6 /* MyCollectionViewController.m */,
				D4E3CD941AAF8184007025A6 /* MyCollectionViewLayout.h */,
				D4E3CD951AAF8184007025A6 /* MyCollectionViewLayout.m */,
				D4E3CDA81AAF9018007025A6 /* Model.h */,
				D4E3CDA91AAF9018007025A6 /* Model.m */,
			);
			name = MVC;
			sourceTree = "<group>";
		};
		D4E3CD981AAF8188007025A6 /* Cells */ = {
			isa = PBXGroup;
			children = (
				D4E3CD991AAF8199007025A6 /* MyCollectionViewCell.h */,
				D4E3CD9A1AAF8199007025A6 /* MyCollectionViewCell.m */,
				D4E3CD9B1AAF8199007025A6 /* MyButtonCell.h */,
				D4E3CD9C1AAF8199007025A6 /* MyButtonCell.m */,
				D4E3CD9D1AAF8199007025A6 /* MyLabelCell.h */,
				D4E3CD9E1AAF8199007025A6 /* MyLabelCell.m */,
				D4E3CD9F1AAF8199007025A6 /* MyBannerCell.h */,
				D4E3CDA01AAF8199007025A6 /* MyBannerCell.m */,
			);
			name = Cells;
			sourceTree = "<group>";
		};
		D4E3CDA51AAF81B7007025A6 /* Libs */ = {
			isa = PBXGroup;
			children = (
				D417218C1BBC5EE70039C91C /* libz.tbd */,
				D417218A1BBC5EE20039C91C /* libc++.tbd */,
				D4CC9B8B1BBC5D9200A85F47 /* GoogleMobileAds.framework */,
				D4CC9B871BBC5C2100A85F47 /* GooglePlayGames.framework */,
				D456B16F1ADEFE95004EED3C /* GooglePlayGames.bundle */,
				D4154A871ADD642A001A2188 /* GoogleOpenSource.framework */,
				D4154A881ADD642A001A2188 /* GooglePlus.framework */,
				D4154A891ADD642A001A2188 /* SystemConfiguration.framework */,
				D4154A8A1ADD642A001A2188 /* Security.framework */,
				D4154A8B1ADD642A001A2188 /* MediaPlayer.framework */,
				D4154A8C1ADD642A001A2188 /* Foundation.framework */,
				D4154A8D1ADD642A001A2188 /* CoreText.framework */,
				D4154A8E1ADD642A001A2188 /* CoreTelephony.framework */,
				D4154A8F1ADD642A001A2188 /* CoreMotion.framework */,
				D4154A901ADD642A001A2188 /* CoreLocation.framework */,
				D4154A911ADD642A001A2188 /* CoreData.framework */,
				D4154A921ADD642A001A2188 /* AssetsLibrary.framework */,
				D4154A931ADD642A001A2188 /* AddressBook.framework */,
				D4154A941ADD642A001A2188 /* QuartzCore.framework */,
				D4154A951ADD642A001A2188 /* libz.dylib */,
				D4154A961ADD642A001A2188 /* libc++.dylib */,
				D4154A991ADD642A001A2188 /* GooglePlus.bundle */,
			);
			name = Libs;
			sourceTree = "<group>";
		};
/* End PBXGroup section */

/* Begin PBXNativeTarget section */
		D4E3CD671AAF80DE007025A6 /* connections */ = {
			isa = PBXNativeTarget;
			buildConfigurationList = D4E3CD8B1AAF80DE007025A6 /* Build configuration list for PBXNativeTarget "connections" */;
			buildPhases = (
				D4E3CD641AAF80DE007025A6 /* Sources */,
				D4E3CD651AAF80DE007025A6 /* Frameworks */,
				D4E3CD661AAF80DE007025A6 /* Resources */,
			);
			buildRules = (
			);
			dependencies = (
			);
			name = connections;
			productName = connections;
			productReference = D4E3CD681AAF80DE007025A6 /* connections.app */;
			productType = "com.apple.product-type.application";
		};
		D4E3CD801AAF80DE007025A6 /* connectionsTests */ = {
			isa = PBXNativeTarget;
			buildConfigurationList = D4E3CD8E1AAF80DE007025A6 /* Build configuration list for PBXNativeTarget "connectionsTests" */;
			buildPhases = (
				D4E3CD7D1AAF80DE007025A6 /* Sources */,
				D4E3CD7E1AAF80DE007025A6 /* Frameworks */,
				D4E3CD7F1AAF80DE007025A6 /* Resources */,
			);
			buildRules = (
			);
			dependencies = (
				D4E3CD831AAF80DE007025A6 /* PBXTargetDependency */,
			);
			name = connectionsTests;
			productName = connectionsTests;
			productReference = D4E3CD811AAF80DE007025A6 /* connectionsTests.xctest */;
			productType = "com.apple.product-type.bundle.unit-test";
		};
/* End PBXNativeTarget section */

/* Begin PBXProject section */
		D4E3CD601AAF80DE007025A6 /* Project object */ = {
			isa = PBXProject;
			attributes = {
				LastUpgradeCheck = 0610;
				ORGANIZATIONNAME = "Tyler Cap";
				TargetAttributes = {
					D4E3CD671AAF80DE007025A6 = {
						CreatedOnToolsVersion = 6.1.1;
					};
					D4E3CD801AAF80DE007025A6 = {
						CreatedOnToolsVersion = 6.1.1;
						TestTargetID = D4E3CD671AAF80DE007025A6;
					};
				};
			};
			buildConfigurationList = D4E3CD631AAF80DE007025A6 /* Build configuration list for PBXProject "connections" */;
			compatibilityVersion = "Xcode 3.2";
			developmentRegion = English;
			hasScannedForEncodings = 0;
			knownRegions = (
				en,
				Base,
			);
			mainGroup = D4E3CD5F1AAF80DE007025A6;
			productRefGroup = D4E3CD691AAF80DE007025A6 /* Products */;
			projectDirPath = "";
			projectRoot = "";
			targets = (
				D4E3CD671AAF80DE007025A6 /* connections */,
				D4E3CD801AAF80DE007025A6 /* connectionsTests */,
			);
		};
/* End PBXProject section */

/* Begin PBXResourcesBuildPhase section */
		D4E3CD661AAF80DE007025A6 /* Resources */ = {
			isa = PBXResourcesBuildPhase;
			buildActionMask = 2147483647;
			files = (
				D456B16D1ADEF2E7004EED3C /* Main.storyboard in Resources */,
				D489547B1ADEF16400FD1027 /* GooglePlus.bundle in Resources */,
				D456B1711ADEFE95004EED3C /* GooglePlayGames.bundle in Resources */,
				D4E3CD791AAF80DE007025A6 /* Images.xcassets in Resources */,
			);
			runOnlyForDeploymentPostprocessing = 0;
		};
		D4E3CD7F1AAF80DE007025A6 /* Resources */ = {
			isa = PBXResourcesBuildPhase;
			buildActionMask = 2147483647;
			files = (
			);
			runOnlyForDeploymentPostprocessing = 0;
		};
/* End PBXResourcesBuildPhase section */

/* Begin PBXSourcesBuildPhase section */
		D4E3CD641AAF80DE007025A6 /* Sources */ = {
			isa = PBXSourcesBuildPhase;
			buildActionMask = 2147483647;
			files = (
				D416021B1AB6050F00CC905F /* Application.m in Sources */,
				D41602151AB604F800CC905F /* MyTableViewCell.m in Sources */,
				D4E3CD711AAF80DE007025A6 /* AppDelegate.m in Sources */,
				D41602141AB604F800CC905F /* MyTableViewController.m in Sources */,
				D4E3CDA21AAF8199007025A6 /* MyButtonCell.m in Sources */,
				D4E3CD6E1AAF80DE007025A6 /* main.m in Sources */,
				D4E3CDA31AAF8199007025A6 /* MyLabelCell.m in Sources */,
				D416021C1AB6050F00CC905F /* MyWebViewController.m in Sources */,
				D4E3CD971AAF8184007025A6 /* MyCollectionViewLayout.m in Sources */,
				D4E3CDA41AAF8199007025A6 /* MyBannerCell.m in Sources */,
				D41F69061B0543DD008BA111 /* MyOfflineCollectionViewController.m in Sources */,
				D4E3CDAA1AAF9018007025A6 /* Model.m in Sources */,
				D41F69031B0543D3008BA111 /* OfflineModel.m in Sources */,
				D4E3CD961AAF8184007025A6 /* MyCollectionViewController.m in Sources */,
				D4E3CDA11AAF8199007025A6 /* MyCollectionViewCell.m in Sources */,
			);
			runOnlyForDeploymentPostprocessing = 0;
		};
		D4E3CD7D1AAF80DE007025A6 /* Sources */ = {
			isa = PBXSourcesBuildPhase;
			buildActionMask = 2147483647;
			files = (
				D4E3CD881AAF80DE007025A6 /* connectionsTests.m in Sources */,
			);
			runOnlyForDeploymentPostprocessing = 0;
		};
/* End PBXSourcesBuildPhase section */

/* Begin PBXTargetDependency section */
		D4E3CD831AAF80DE007025A6 /* PBXTargetDependency */ = {
			isa = PBXTargetDependency;
			target = D4E3CD671AAF80DE007025A6 /* connections */;
			targetProxy = D4E3CD821AAF80DE007025A6 /* PBXContainerItemProxy */;
		};
/* End PBXTargetDependency section */

/* Begin PBXVariantGroup section */
		D4E3CD751AAF80DE007025A6 /* Main.storyboard */ = {
			isa = PBXVariantGroup;
			children = (
				D4E3CD761AAF80DE007025A6 /* Base */,
			);
			name = Main.storyboard;
			sourceTree = "<group>";
		};
/* End PBXVariantGroup section */

/* Begin XCBuildConfiguration section */
		D4E3CD891AAF80DE007025A6 /* Debug */ = {
			isa = XCBuildConfiguration;
			buildSettings = {
				ALWAYS_SEARCH_USER_PATHS = NO;
				CLANG_CXX_LANGUAGE_STANDARD = "gnu++0x";
				CLANG_CXX_LIBRARY = "libc++";
				CLANG_ENABLE_MODULES = YES;
				CLANG_ENABLE_OBJC_ARC = YES;
				CLANG_WARN_BOOL_CONVERSION = YES;
				CLANG_WARN_CONSTANT_CONVERSION = YES;
				CLANG_WARN_DIRECT_OBJC_ISA_USAGE = YES_ERROR;
				CLANG_WARN_EMPTY_BODY = YES;
				CLANG_WARN_ENUM_CONVERSION = YES;
				CLANG_WARN_INT_CONVERSION = YES;
				CLANG_WARN_OBJC_ROOT_CLASS = YES_ERROR;
				CLANG_WARN_UNREACHABLE_CODE = YES;
				CLANG_WARN__DUPLICATE_METHOD_MATCH = YES;
				"CODE_SIGN_IDENTITY[sdk=iphoneos*]" = "iPhone Developer";
				COPY_PHASE_STRIP = NO;
				ENABLE_STRICT_OBJC_MSGSEND = YES;
				GCC_C_LANGUAGE_STANDARD = gnu99;
				GCC_DYNAMIC_NO_PIC = NO;
				GCC_OPTIMIZATION_LEVEL = 0;
				GCC_PREPROCESSOR_DEFINITIONS = (
					"DEBUG=1",
					"$(inherited)",
				);
				GCC_SYMBOLS_PRIVATE_EXTERN = NO;
				GCC_WARN_64_TO_32_BIT_CONVERSION = YES;
				GCC_WARN_ABOUT_RETURN_TYPE = YES_ERROR;
				GCC_WARN_UNDECLARED_SELECTOR = YES;
				GCC_WARN_UNINITIALIZED_AUTOS = YES_AGGRESSIVE;
				GCC_WARN_UNUSED_FUNCTION = YES;
				GCC_WARN_UNUSED_VARIABLE = YES;
				IPHONEOS_DEPLOYMENT_TARGET = 8.1;
				MTL_ENABLE_DEBUG_INFO = YES;
				ONLY_ACTIVE_ARCH = YES;
				SDKROOT = iphoneos;
			};
			name = Debug;
		};
		D4E3CD8A1AAF80DE007025A6 /* Release */ = {
			isa = XCBuildConfiguration;
			buildSettings = {
				ALWAYS_SEARCH_USER_PATHS = NO;
				CLANG_CXX_LANGUAGE_STANDARD = "gnu++0x";
				CLANG_CXX_LIBRARY = "libc++";
				CLANG_ENABLE_MODULES = YES;
				CLANG_ENABLE_OBJC_ARC = YES;
				CLANG_WARN_BOOL_CONVERSION = YES;
				CLANG_WARN_CONSTANT_CONVERSION = YES;
				CLANG_WARN_DIRECT_OBJC_ISA_USAGE = YES_ERROR;
				CLANG_WARN_EMPTY_BODY = YES;
				CLANG_WARN_ENUM_CONVERSION = YES;
				CLANG_WARN_INT_CONVERSION = YES;
				CLANG_WARN_OBJC_ROOT_CLASS = YES_ERROR;
				CLANG_WARN_UNREACHABLE_CODE = YES;
				CLANG_WARN__DUPLICATE_METHOD_MATCH = YES;
				"CODE_SIGN_IDENTITY[sdk=iphoneos*]" = "iPhone Developer";
				COPY_PHASE_STRIP = YES;
				ENABLE_NS_ASSERTIONS = NO;
				ENABLE_STRICT_OBJC_MSGSEND = YES;
				GCC_C_LANGUAGE_STANDARD = gnu99;
				GCC_WARN_64_TO_32_BIT_CONVERSION = YES;
				GCC_WARN_ABOUT_RETURN_TYPE = YES_ERROR;
				GCC_WARN_UNDECLARED_SELECTOR = YES;
				GCC_WARN_UNINITIALIZED_AUTOS = YES_AGGRESSIVE;
				GCC_WARN_UNUSED_FUNCTION = YES;
				GCC_WARN_UNUSED_VARIABLE = YES;
				IPHONEOS_DEPLOYMENT_TARGET = 8.1;
				MTL_ENABLE_DEBUG_INFO = NO;
				SDKROOT = iphoneos;
				VALIDATE_PRODUCT = YES;
			};
			name = Release;
		};
		D4E3CD8C1AAF80DE007025A6 /* Debug */ = {
			isa = XCBuildConfiguration;
			buildSettings = {
				ASSETCATALOG_COMPILER_APPICON_NAME = AppIcon;
				ASSETCATALOG_COMPILER_LAUNCHIMAGE_NAME = LaunchImage;
				CODE_SIGN_IDENTITY = "";
				ENABLE_BITCODE = NO;
				FRAMEWORK_SEARCH_PATHS = (
					"$(inherited)",
					/Users/tcap/Documents/iOSProjects/Libs/jsfree,
					"/Users/tcap/Downloads/GooglePlayGames-iOS-SDK.v3.1.1",
					"$(PROJECT_DIR)/connections",
				);
				INFOPLIST_FILE = connections/Info.plist;
				IPHONEOS_DEPLOYMENT_TARGET = 7.0;
				LD_RUNPATH_SEARCH_PATHS = "$(inherited) @executable_path/Frameworks";
				ONLY_ACTIVE_ARCH = YES;
				OTHER_LDFLAGS = "-ObjC";
				PRODUCT_NAME = "$(TARGET_NAME)";
				PROVISIONING_PROFILE = "3fa07d11-868e-4de9-a524-73807be8e46e";
				TARGETED_DEVICE_FAMILY = "1,2";
			};
			name = Debug;
		};
		D4E3CD8D1AAF80DE007025A6 /* Release */ = {
			isa = XCBuildConfiguration;
			buildSettings = {
				ASSETCATALOG_COMPILER_APPICON_NAME = AppIcon;
				ASSETCATALOG_COMPILER_LAUNCHIMAGE_NAME = LaunchImage;
				CODE_SIGN_IDENTITY = "iPhone Distribution";
				ENABLE_BITCODE = NO;
				FRAMEWORK_SEARCH_PATHS = (
					"$(inherited)",
					/Users/tcap/Documents/iOSProjects/Libs/jsfree,
					"/Users/tcap/Downloads/GooglePlayGames-iOS-SDK.v3.1.1",
					"$(PROJECT_DIR)/connections",
				);
				INFOPLIST_FILE = connections/Info.plist;
				IPHONEOS_DEPLOYMENT_TARGET = 7.0;
				LD_RUNPATH_SEARCH_PATHS = "$(inherited) @executable_path/Frameworks";
				"LIBRARY_SEARCH_PATHS[arch=*]" = "";
				OTHER_LDFLAGS = "-ObjC";
				PRODUCT_NAME = "$(TARGET_NAME)";
				PROVISIONING_PROFILE = "3fa07d11-868e-4de9-a524-73807be8e46e";
				TARGETED_DEVICE_FAMILY = "1,2";
			};
			name = Release;
		};
		D4E3CD8F1AAF80DE007025A6 /* Debug */ = {
			isa = XCBuildConfiguration;
			buildSettings = {
				BUNDLE_LOADER = "$(TEST_HOST)";
				FRAMEWORK_SEARCH_PATHS = (
					"$(SDKROOT)/Developer/Library/Frameworks",
					"$(inherited)",
				);
				GCC_PREPROCESSOR_DEFINITIONS = (
					"DEBUG=1",
					"$(inherited)",
				);
				INFOPLIST_FILE = connectionsTests/Info.plist;
				LD_RUNPATH_SEARCH_PATHS = "$(inherited) @executable_path/Frameworks @loader_path/Frameworks";
				PRODUCT_NAME = "$(TARGET_NAME)";
				TEST_HOST = "$(BUILT_PRODUCTS_DIR)/connections.app/connections";
			};
			name = Debug;
		};
		D4E3CD901AAF80DE007025A6 /* Release */ = {
			isa = XCBuildConfiguration;
			buildSettings = {
				BUNDLE_LOADER = "$(TEST_HOST)";
				FRAMEWORK_SEARCH_PATHS = (
					"$(SDKROOT)/Developer/Library/Frameworks",
					"$(inherited)",
				);
				INFOPLIST_FILE = connectionsTests/Info.plist;
				LD_RUNPATH_SEARCH_PATHS = "$(inherited) @executable_path/Frameworks @loader_path/Frameworks";
				PRODUCT_NAME = "$(TARGET_NAME)";
				TEST_HOST = "$(BUILT_PRODUCTS_DIR)/connections.app/connections";
			};
			name = Release;
		};
/* End XCBuildConfiguration section */

/* Begin XCConfigurationList section */
		D4E3CD631AAF80DE007025A6 /* Build configuration list for PBXProject "connections" */ = {
			isa = XCConfigurationList;
			buildConfigurations = (
				D4E3CD891AAF80DE007025A6 /* Debug */,
				D4E3CD8A1AAF80DE007025A6 /* Release */,
			);
			defaultConfigurationIsVisible = 0;
			defaultConfigurationName = Release;
		};
		D4E3CD8B1AAF80DE007025A6 /* Build configuration list for PBXNativeTarget "connections" */ = {
			isa = XCConfigurationList;
			buildConfigurations = (
				D4E3CD8C1AAF80DE007025A6 /* Debug */,
				D4E3CD8D1AAF80DE007025A6 /* Release */,
			);
			defaultConfigurationIsVisible = 0;
			defaultConfigurationName = Release;
		};
		D4E3CD8E1AAF80DE007025A6 /* Build configuration list for PBXNativeTarget "connectionsTests" */ = {
			isa = XCConfigurationList;
			buildConfigurations = (
				D4E3CD8F1AAF80DE007025A6 /* Debug */,
				D4E3CD901AAF80DE007025A6 /* Release */,
			);
			defaultConfigurationIsVisible = 0;
			defaultConfigurationName = Release;
		};
/* End XCConfigurationList section */
	};
	rootObject = D4E3CD601AAF80DE007025A6 /* Project object */;
}
